
Microsoft Visual Studio Solution File, Format Version 12.00
# Visual Studio Version 17
VisualStudioVersion = 17.0.31903.59
MinimumVisualStudioVersion = 10.0.40219.1
Project("{FAE04EC0-301F-11D3-BF4B-00C04F79EFBC}") = "URIBased_Maksimov", "URIBased_Maksimov\URIBased_Maksimov.csproj", "{05619688-E51C-4EB1-BC50-C178059A9BFD}"
EndProject
Global
	GlobalSection(SolutionConfigurationPlatforms) = preSolution
		Debug|Any CPU = Debug|Any CPU
		Release|Any CPU = Release|Any CPU
	EndGlobalSection
	GlobalSection(SolutionProperties) = preSolution
		HideSolutionNode = FALSE
	EndGlobalSection
	GlobalSection(ProjectConfigurationPlatforms) = postSolution
		{05619688-E51C-4EB1-BC50-C178059A9BFD}.Debug|Any CPU.ActiveCfg = Debug|Any CPU
		{05619688-E51C-4EB1-BC50-C178059A9BFD}.Debug|Any CPU.Build.0 = Debug|Any CPU
		{05619688-E51C-4EB1-BC50-C178059A9BFD}.Release|Any CPU.ActiveCfg = Release|Any CPU
		{05619688-E51C-4EB1-BC50-C178059A9BFD}.Release|Any CPU.Build.0 = Release|Any CPU
	EndGlobalSection
EndGlobal
